# This file is autogenerated, do not edit; changes may be undone by the next 'dep ensure'.


[[projects]]
  name = "github.com/chewxy/hm"
  packages = ["."]
  revision = "61efb3290a086d1335e8954b3734c102126818ba"
  version = "v1.0.0"

[[projects]]
  name = "github.com/chewxy/math32"
  packages = ["."]
  revision = "d1e7b22839c693f54edf7811dd9487623abf2cd2"
  version = "v1.0.0"

[[projects]]
  name = "github.com/chewxy/tightywhities"
  packages = ["."]
  revision = "bd18f00a67d6680ee6e6b37f7603cdc9f44cc9fb"
  version = "v1.0.0"

[[projects]]
  name = "github.com/gogo/protobuf"
  packages = ["gogoproto","proto","protoc-gen-gogo/descriptor"]
  revision = "1adfc126b41513cc696b209667c8656ea7aac67c"
  version = "v1.0.0"

[[projects]]
  name = "github.com/golang/protobuf"
  packages = ["proto"]
  revision = "925541529c1fa6821df4e44ce2723319eb2be768"
  version = "v1.0.0"

[[projects]]
  name = "github.com/google/flatbuffers"
  packages = ["go"]
  revision = "34aea4361f829d3e4f1e4d50324e155ad4adec67"
  version = "v1.8.0"

[[projects]]
  name = "github.com/pkg/errors"
  packages = ["."]
  revision = "645ef00459ed84a119197bfb8d8205042c6df63d"
  version = "v0.8.0"

[[projects]]
  name = "github.com/xtgo/set"
  packages = ["."]
  revision = "708d80f4a27458f99f8ca12bd0e638c6ee65627f"
  version = "v1.0.0"

[[projects]]
  branch = "master"
  name = "gonum.org/v1/gonum"
  packages = ["blas","blas/blas64","blas/gonum","floats","internal/asm/c128","internal/asm/f32","internal/asm/f64","internal/math32","lapack","lapack/gonum","lapack/lapack64","mat"]
  revision = "6477e52b65cacdbb6797b5467473f20a00f70904"

[[projects]]
  name = "gorgonia.org/dawson"
  packages = ["."]
  revision = "533b0e96b43fab42278a9b8cb04b8a1f5ca566b3"
  version = "v1.0.0"

[[projects]]
  branch = "v0.9.0-working"
  name = "gorgonia.org/tensor"
  packages = [".","internal/execution","internal/serialization/fb","internal/serialization/pb","internal/storage","native"]
  revision = "d7d229cbc1899eb9b57f76ea249f2e286908f5bf"

[[projects]]
  branch = "master"
  name = "gorgonia.org/vecf32"
  packages = ["."]
  revision = "da24147133d9b1c7aa847b9e9d77d6ffa3980e0b"

[[projects]]
  branch = "master"
  name = "gorgonia.org/vecf64"
  packages = ["."]
  revision = "6314d1b6cefc75ece7e9b787afabac009c892b1e"

[solve-meta]
  analyzer-name = "dep"
  analyzer-version = 1
  inputs-digest = "799c68afd2a3db39add24c03edfd74c1b1324df970947725ffc541d66f76706b"
  solver-name = "gps-cdcl"
  solver-version = 1
